
Microsoft Visual Studio Solution File, Format Version 12.00
# Visual Studio Version 16
VisualStudioVersion = 16.0.31729.503
MinimumVisualStudioVersion = 10.0.40219.1
Project("{FAE04EC0-301F-11D3-BF4B-00C04F79EFBC}") = "pruebatec", "pruebatec.csproj", "{818AA437-D02E-42AD-96DC-CD3F0976ADEC}"
EndProject
Global
	GlobalSection(SolutionConfigurationPlatforms) = preSolution
		Debug|Any CPU = Debug|Any CPU
		Release|Any CPU = Release|Any CPU
	EndGlobalSection
	GlobalSection(ProjectConfigurationPlatforms) = postSolution
		{818AA437-D02E-42AD-96DC-CD3F0976ADEC}.Debug|Any CPU.ActiveCfg = Debug|Any CPU
		{818AA437-D02E-42AD-96DC-CD3F0976ADEC}.Debug|Any CPU.Build.0 = Debug|Any CPU
		{818AA437-D02E-42AD-96DC-CD3F0976ADEC}.Release|Any CPU.ActiveCfg = Release|Any CPU
		{818AA437-D02E-42AD-96DC-CD3F0976ADEC}.Release|Any CPU.Build.0 = Release|Any CPU
	EndGlobalSection
	GlobalSection(SolutionProperties) = preSolution
		HideSolutionNode = FALSE
	EndGlobalSection
	GlobalSection(ExtensibilityGlobals) = postSolution
		SolutionGuid = {3F2D6A97-7400-407D-A412-DED94285172D}
	EndGlobalSection
EndGlobal
